
Microsoft Visual Studio Solution File, Format Version 12.00
# Visual Studio 15
Project("{FAE04EC0-301F-11D3-BF4B-00C04F79EFBC}") = "sportal-static-content", "sportal-static-content\sportal-static-content.csproj", "{F1933625-3449-48BD-9961-CF7613E4ECB6}"
EndProject
Project("{FAE04EC0-301F-11D3-BF4B-00C04F79EFBC}") = "sportal", "sportal\sportal.csproj", "{23EC63DD-C143-4ECE-82C9-0EB88D0EBC25}"
EndProject
Global
	GlobalSection(SolutionConfigurationPlatforms) = preSolution
		Debug|Any CPU = Debug|Any CPU
		Release|Any CPU = Release|Any CPU
	EndGlobalSection
	GlobalSection(ProjectConfigurationPlatforms) = postSolution
		{F1933625-3449-48BD-9961-CF7613E4ECB6}.Debug|Any CPU.ActiveCfg = Debug|Any CPU
		{F1933625-3449-48BD-9961-CF7613E4ECB6}.Debug|Any CPU.Build.0 = Debug|Any CPU
		{F1933625-3449-48BD-9961-CF7613E4ECB6}.Release|Any CPU.ActiveCfg = Release|Any CPU
		{F1933625-3449-48BD-9961-CF7613E4ECB6}.Release|Any CPU.Build.0 = Release|Any CPU
		{23EC63DD-C143-4ECE-82C9-0EB88D0EBC25}.Debug|Any CPU.ActiveCfg = Debug|Any CPU
		{23EC63DD-C143-4ECE-82C9-0EB88D0EBC25}.Debug|Any CPU.Build.0 = Debug|Any CPU
		{23EC63DD-C143-4ECE-82C9-0EB88D0EBC25}.Release|Any CPU.ActiveCfg = Release|Any CPU
		{23EC63DD-C143-4ECE-82C9-0EB88D0EBC25}.Release|Any CPU.Build.0 = Release|Any CPU
	EndGlobalSection
EndGlobal
